<?xml version="1.0" encoding="utf-8"?>
<Project ToolsVersion="4.0" xmlns="http://schemas.microsoft.com/developer/msbuild/2003">
  <ItemGroup>
    <Filter Include="Source Files">
      <UniqueIdentifier>{80dc253c-1b49-4ff7-bad1-38655f81285a}</UniqueIdentifier>
      <Extensions>cpp;c;cxx;rc;def;r;odl;idl;hpj;bat</Extensions>
    </Filter>
    <Filter Include="Header Files">
      <UniqueIdentifier>{c2b90418-d34c-4e94-bdb4-dec99abcffc3}</UniqueIdentifier>
      <Extensions>h;hpp;hxx;hm;inl</Extensions>
    </Filter>
    <Filter Include="Resource Files">
      <UniqueIdentifier>{44b1b061-5df8-4f91-8941-87d5e47cc1a0}</UniqueIdentifier>
      <Extensions>ico;cur;bmp;dlg;rc2;rct;bin;rgs;gif;jpg;jpeg;jpe</Extensions>
    </Filter>
  </ItemGroup>
  <ItemGroup>
    <ClCompile Include="DIBSectionLite.cpp">
      <Filter>Source Files</Filter>
    </ClCompile>
    <ClCompile Include="StdAfx.cpp">
      <Filter>Source Files</Filter>
    </ClCompile>
    <ClCompile Include="SpecialEffects.cpp">
      <Filter>Source Files</Filter>
    </ClCompile>
    <ClCompile Include="SpecialEffectsDlg.cpp">
      <Filter>Source Files</Filter>
    </ClCompile>
    <ClCompile Include="FireRoutine.cpp">
      <Filter>Source Files</Filter>
    </ClCompile>
    <ClCompile Include="PlasmaRoutine.cpp">
      <Filter>Source Files</Filter>
    </ClCompile>
    <ClCompile Include="WaterRoutine.cpp">
      <Filter>Source Files</Filter>
    </ClCompile>
    <ClCompile Include="TestDemoDlg.cpp">
      <Filter>Source Files</Filter>
    </ClCompile>
    <ClCompile Include="svn\DIB.cpp">
      <Filter>Source Files</Filter>
    </ClCompile>
    <ClCompile Include="svn\WaterEffect.cpp">
      <Filter>Source Files</Filter>
    </ClCompile>
  </ItemGroup>
  <ItemGroup>
    <ClInclude Include="DIBSectionLite.h">
      <Filter>Header Files</Filter>
    </ClInclude>
    <ClInclude Include="Resource.h">
      <Filter>Header Files</Filter>
    </ClInclude>
    <ClInclude Include="StdAfx.h">
      <Filter>Header Files</Filter>
    </ClInclude>
    <ClInclude Include="SpecialEffectsDlg.h">
      <Filter>Header Files</Filter>
    </ClInclude>
    <ClInclude Include="SpecialEffects.h">
      <Filter>Header Files</Filter>
    </ClInclude>
    <ClInclude Include="FireRoutine.h">
      <Filter>Header Files</Filter>
    </ClInclude>
    <ClInclude Include="PlasmaRoutine.h">
      <Filter>Header Files</Filter>
    </ClInclude>
    <ClInclude Include="WaterRoutine.h">
      <Filter>Header Files</Filter>
    </ClInclude>
    <ClInclude Include="TestDemoDlg.h">
      <Filter>Header Files</Filter>
    </ClInclude>
    <ClInclude Include="svn\DIB.h">
      <Filter>Header Files</Filter>
    </ClInclude>
    <ClInclude Include="svn\WaterEffect.h">
      <Filter>Header Files</Filter>
    </ClInclude>
  </ItemGroup>
  <ItemGroup>
    <Image Include="res\SpecialEffects.ico">
      <Filter>Resource Files</Filter>
    </Image>
    <Image Include="res\map.bmp">
      <Filter>Resource Files</Filter>
    </Image>
    <Image Include="res\tortoisemerge_logoflipped.bmp">
      <Filter>Resource Files</Filter>
    </Image>
  </ItemGroup>
  <ItemGroup>
    <ResourceCompile Include="SpecialEffects.rc">
      <Filter>Resource Files</Filter>
    </ResourceCompile>
  </ItemGroup>
  <ItemGroup>
    <CustomBuild Include="res\SpecialEffects.rc2">
      <Filter>Resource Files</Filter>
    </CustomBuild>
  </ItemGroup>
</Project>